
Microsoft Visual Studio Solution File, Format Version 12.00
# Visual Studio Version 16
VisualStudioVersion = 16.0.28803.352
MinimumVisualStudioVersion = 10.0.40219.1
Project("{FAE04EC0-301F-11D3-BF4B-00C04F79EFBC}") = "DES", "DES\DES.csproj", "{DD256973-8910-4292-AE0C-C743852BDE20}"
EndProject
Project("{FAE04EC0-301F-11D3-BF4B-00C04F79EFBC}") = "DesConsole", "DesConsole\DesConsole.csproj", "{B654FCAC-5191-44B7-A2BE-367E4CC3EA30}"
EndProject
Global
	GlobalSection(SolutionConfigurationPlatforms) = preSolution
		Debug|Any CPU = Debug|Any CPU
		Release|Any CPU = Release|Any CPU
	EndGlobalSection
	GlobalSection(ProjectConfigurationPlatforms) = postSolution
		{DD256973-8910-4292-AE0C-C743852BDE20}.Debug|Any CPU.ActiveCfg = Debug|Any CPU
		{DD256973-8910-4292-AE0C-C743852BDE20}.Debug|Any CPU.Build.0 = Debug|Any CPU
		{DD256973-8910-4292-AE0C-C743852BDE20}.Release|Any CPU.ActiveCfg = Release|Any CPU
		{DD256973-8910-4292-AE0C-C743852BDE20}.Release|Any CPU.Build.0 = Release|Any CPU
		{B654FCAC-5191-44B7-A2BE-367E4CC3EA30}.Debug|Any CPU.ActiveCfg = Debug|Any CPU
		{B654FCAC-5191-44B7-A2BE-367E4CC3EA30}.Debug|Any CPU.Build.0 = Debug|Any CPU
		{B654FCAC-5191-44B7-A2BE-367E4CC3EA30}.Release|Any CPU.ActiveCfg = Release|Any CPU
		{B654FCAC-5191-44B7-A2BE-367E4CC3EA30}.Release|Any CPU.Build.0 = Release|Any CPU
	EndGlobalSection
	GlobalSection(SolutionProperties) = preSolution
		HideSolutionNode = FALSE
	EndGlobalSection
	GlobalSection(ExtensibilityGlobals) = postSolution
		SolutionGuid = {CF7007A9-6873-46AC-84FE-BE14F73B771C}
	EndGlobalSection
EndGlobal
